// !$*UTF8*$!
{
	archiveVersion = 1;
	classes = {
	};
	objectVersion = 55;
	objects = {

/* Begin PBXBuildFile section */
		A9A7BA20BC3CFB8DF3553DC9 /* Pods_SpotifyClone.framework in Frameworks */ = {isa = PBXBuildFile; fileRef = 6F474ACF1EE6C81234B8185B /* Pods_SpotifyClone.framework */; };
		D63B222C27CF9971009899E4 /* TitleHeaderCollectionReusableView.swift in Sources */ = {isa = PBXBuildFile; fileRef = D63B222B27CF9971009899E4 /* TitleHeaderCollectionReusableView.swift */; };
		D63B222E27CF9F8C009899E4 /* AlbumTrackCollectionViewCell.swift in Sources */ = {isa = PBXBuildFile; fileRef = D63B222D27CF9F8C009899E4 /* AlbumTrackCollectionViewCell.swift */; };
		D63B223027CFA0BC009899E4 /* AlbumCollectionViewCellViewModel.swift in Sources */ = {isa = PBXBuildFile; fileRef = D63B222F27CFA0BC009899E4 /* AlbumCollectionViewCellViewModel.swift */; };
		D63B223227D278AE009899E4 /* GenreCollectionViewCell.swift in Sources */ = {isa = PBXBuildFile; fileRef = D63B223127D278AE009899E4 /* GenreCollectionViewCell.swift */; };
		D679F8B627C56AB000F6B56A /* NewReleaseCollectionViewCell.swift in Sources */ = {isa = PBXBuildFile; fileRef = D679F8B527C56AB000F6B56A /* NewReleaseCollectionViewCell.swift */; };
		D679F8B827C56ACD00F6B56A /* FeaturedPlaylistCollectionViewCell.swift in Sources */ = {isa = PBXBuildFile; fileRef = D679F8B727C56ACD00F6B56A /* FeaturedPlaylistCollectionViewCell.swift */; };
		D679F8BA27C56AE600F6B56A /* RecommendedTrackCollectionViewCell.swift in Sources */ = {isa = PBXBuildFile; fileRef = D679F8B927C56AE600F6B56A /* RecommendedTrackCollectionViewCell.swift */; };
		D67C8CF327C3D5820058D2E7 /* SettingsModels.swift in Sources */ = {isa = PBXBuildFile; fileRef = D67C8CF227C3D5820058D2E7 /* SettingsModels.swift */; };
		D67C8CF527C41AD20058D2E7 /* NewReleasesResponse.swift in Sources */ = {isa = PBXBuildFile; fileRef = D67C8CF427C41AD20058D2E7 /* NewReleasesResponse.swift */; };
		D67C8CF727C41BB00058D2E7 /* APIImage.swift in Sources */ = {isa = PBXBuildFile; fileRef = D67C8CF627C41BB00058D2E7 /* APIImage.swift */; };
		D67C8CF927C423770058D2E7 /* FeaturedPlaylistResponse.swift in Sources */ = {isa = PBXBuildFile; fileRef = D67C8CF827C423770058D2E7 /* FeaturedPlaylistResponse.swift */; };
		D67C8CFB27C427700058D2E7 /* RecommendedGenresResponse.swift in Sources */ = {isa = PBXBuildFile; fileRef = D67C8CFA27C427700058D2E7 /* RecommendedGenresResponse.swift */; };
		D67C8CFD27C42A350058D2E7 /* RecommendationsResponse.swift in Sources */ = {isa = PBXBuildFile; fileRef = D67C8CFC27C42A350058D2E7 /* RecommendationsResponse.swift */; };
		D67DCC3327C2B5E40067A694 /* AuthResponse.swift in Sources */ = {isa = PBXBuildFile; fileRef = D67DCC3227C2B5E40067A694 /* AuthResponse.swift */; };
		D67F4F8D27D2B3BB00EBE03E /* AllCategoriesResponse.swift in Sources */ = {isa = PBXBuildFile; fileRef = D67F4F8C27D2B3BB00EBE03E /* AllCategoriesResponse.swift */; };
		D67F4F8F27D2B91200EBE03E /* CategoryCollectionViewCellViewModel.swift in Sources */ = {isa = PBXBuildFile; fileRef = D67F4F8E27D2B91200EBE03E /* CategoryCollectionViewCellViewModel.swift */; };
		D67F4F9127D2BA2D00EBE03E /* CategoryViewController.swift in Sources */ = {isa = PBXBuildFile; fileRef = D67F4F9027D2BA2D00EBE03E /* CategoryViewController.swift */; };
		D67F4F9327D2C82400EBE03E /* SearchResultResponse.swift in Sources */ = {isa = PBXBuildFile; fileRef = D67F4F9227D2C82400EBE03E /* SearchResultResponse.swift */; };
		D67F4F9527D2C9B800EBE03E /* SearchResult.swift in Sources */ = {isa = PBXBuildFile; fileRef = D67F4F9427D2C9B800EBE03E /* SearchResult.swift */; };
		D67F4F9827D36FA900EBE03E /* SearchResultDefaultTableViewCell.swift in Sources */ = {isa = PBXBuildFile; fileRef = D67F4F9727D36FA900EBE03E /* SearchResultDefaultTableViewCell.swift */; };
		D67F4F9A27D3713D00EBE03E /* SearchResultDefaultTableViewCellViewModel.swift in Sources */ = {isa = PBXBuildFile; fileRef = D67F4F9927D3713D00EBE03E /* SearchResultDefaultTableViewCellViewModel.swift */; };
		D67F4F9C27D3742800EBE03E /* SearchResultSubtitleTableViewCell.swift in Sources */ = {isa = PBXBuildFile; fileRef = D67F4F9B27D3742800EBE03E /* SearchResultSubtitleTableViewCell.swift */; };
		D67F4F9E27D374FB00EBE03E /* SearchResultSubtitleTableViewCellViewModel.swift in Sources */ = {isa = PBXBuildFile; fileRef = D67F4F9D27D374FB00EBE03E /* SearchResultSubtitleTableViewCellViewModel.swift */; };
		D67F4FA127D38F2700EBE03E /* PlaybackPresenter.swift in Sources */ = {isa = PBXBuildFile; fileRef = D67F4FA027D38F2700EBE03E /* PlaybackPresenter.swift */; };
		D67F4FA327D394E400EBE03E /* PlayerControlsView.swift in Sources */ = {isa = PBXBuildFile; fileRef = D67F4FA227D394E400EBE03E /* PlayerControlsView.swift */; };
		D67F4FA627D7E6E400EBE03E /* LibraryPlaylistsViewController.swift in Sources */ = {isa = PBXBuildFile; fileRef = D67F4FA527D7E6E400EBE03E /* LibraryPlaylistsViewController.swift */; };
		D67F4FA827D7E6FA00EBE03E /* LibraryAlbumsViewController.swift in Sources */ = {isa = PBXBuildFile; fileRef = D67F4FA727D7E6FA00EBE03E /* LibraryAlbumsViewController.swift */; };
		D67F4FAA27D7E9F100EBE03E /* LibraryToggleView.swift in Sources */ = {isa = PBXBuildFile; fileRef = D67F4FA927D7E9F100EBE03E /* LibraryToggleView.swift */; };
		D67F4FAC27D8B11500EBE03E /* LibraryPlaylistsResponse.swift in Sources */ = {isa = PBXBuildFile; fileRef = D67F4FAB27D8B11500EBE03E /* LibraryPlaylistsResponse.swift */; };
		D67F4FAE27D8CE4100EBE03E /* ActionLabelView.swift in Sources */ = {isa = PBXBuildFile; fileRef = D67F4FAD27D8CE4100EBE03E /* ActionLabelView.swift */; };
		D67F4FB027D94C6100EBE03E /* LibraryAlbumsResponse.swift in Sources */ = {isa = PBXBuildFile; fileRef = D67F4FAF27D94C6100EBE03E /* LibraryAlbumsResponse.swift */; };
		D68B71C027CA661200E59A91 /* NewReleasesCellViewModel.swift in Sources */ = {isa = PBXBuildFile; fileRef = D68B71BF27CA661200E59A91 /* NewReleasesCellViewModel.swift */; };
		D68B71C227CD2C4E00E59A91 /* FeaturedPlaylistCellViewModel.swift in Sources */ = {isa = PBXBuildFile; fileRef = D68B71C127CD2C4E00E59A91 /* FeaturedPlaylistCellViewModel.swift */; };
		D68B71C427CD2C8B00E59A91 /* RecommendedTrackCellViewModel.swift in Sources */ = {isa = PBXBuildFile; fileRef = D68B71C327CD2C8B00E59A91 /* RecommendedTrackCellViewModel.swift */; };
		D68B71C627CD34AE00E59A91 /* AlbumViewController.swift in Sources */ = {isa = PBXBuildFile; fileRef = D68B71C527CD34AE00E59A91 /* AlbumViewController.swift */; };
		D68B71C827CD37A900E59A91 /* AlbumDetailsResponse.swift in Sources */ = {isa = PBXBuildFile; fileRef = D68B71C727CD37A900E59A91 /* AlbumDetailsResponse.swift */; };
		D68B71CA27CD3B3800E59A91 /* PlaylistDetailsResponse.swift in Sources */ = {isa = PBXBuildFile; fileRef = D68B71C927CD3B3800E59A91 /* PlaylistDetailsResponse.swift */; };
		D68B71CC27CD43CA00E59A91 /* PlaylistHeaderCollectionReusableView.swift in Sources */ = {isa = PBXBuildFile; fileRef = D68B71CB27CD43CA00E59A91 /* PlaylistHeaderCollectionReusableView.swift */; };
		D68B71CE27CD469100E59A91 /* PlaylistHeaderViewViewModel.swift in Sources */ = {isa = PBXBuildFile; fileRef = D68B71CD27CD469100E59A91 /* PlaylistHeaderViewViewModel.swift */; };
		D6A846AA27BEEFD2000BD7E4 /* AppDelegate.swift in Sources */ = {isa = PBXBuildFile; fileRef = D6A846A927BEEFD2000BD7E4 /* AppDelegate.swift */; };
		D6A846AC27BEEFD2000BD7E4 /* SceneDelegate.swift in Sources */ = {isa = PBXBuildFile; fileRef = D6A846AB27BEEFD2000BD7E4 /* SceneDelegate.swift */; };
		D6A846AE27BEEFD2000BD7E4 /* HomeViewController.swift in Sources */ = {isa = PBXBuildFile; fileRef = D6A846AD27BEEFD2000BD7E4 /* HomeViewController.swift */; };
		D6A846B327BEEFD4000BD7E4 /* Assets.xcassets in Resources */ = {isa = PBXBuildFile; fileRef = D6A846B227BEEFD4000BD7E4 /* Assets.xcassets */; };
		D6A846B627BEEFD4000BD7E4 /* LaunchScreen.storyboard in Resources */ = {isa = PBXBuildFile; fileRef = D6A846B427BEEFD4000BD7E4 /* LaunchScreen.storyboard */; };
		D6A846C427BEF50F000BD7E4 /* TabBarViewController.swift in Sources */ = {isa = PBXBuildFile; fileRef = D6A846C327BEF50F000BD7E4 /* TabBarViewController.swift */; };
		D6A846C627BEF58C000BD7E4 /* SearchViewController.swift in Sources */ = {isa = PBXBuildFile; fileRef = D6A846C527BEF58C000BD7E4 /* SearchViewController.swift */; };
		D6A846C827BEF598000BD7E4 /* LibraryViewController.swift in Sources */ = {isa = PBXBuildFile; fileRef = D6A846C727BEF598000BD7E4 /* LibraryViewController.swift */; };
		D6A846CC27BEF5C1000BD7E4 /* AuthViewController.swift in Sources */ = {isa = PBXBuildFile; fileRef = D6A846CB27BEF5C1000BD7E4 /* AuthViewController.swift */; };
		D6A846CE27BEF5D0000BD7E4 /* WelcomeViewController.swift in Sources */ = {isa = PBXBuildFile; fileRef = D6A846CD27BEF5D0000BD7E4 /* WelcomeViewController.swift */; };
		D6A846D027BEF5DF000BD7E4 /* SettingsViewController.swift in Sources */ = {isa = PBXBuildFile; fileRef = D6A846CF27BEF5DF000BD7E4 /* SettingsViewController.swift */; };
		D6A846D227BEF5F0000BD7E4 /* ProfileViewController.swift in Sources */ = {isa = PBXBuildFile; fileRef = D6A846D127BEF5F0000BD7E4 /* ProfileViewController.swift */; };
		D6A846D427BEF5F7000BD7E4 /* PlayerViewController.swift in Sources */ = {isa = PBXBuildFile; fileRef = D6A846D327BEF5F7000BD7E4 /* PlayerViewController.swift */; };
		D6A846D627BEF601000BD7E4 /* PlaylistViewController.swift in Sources */ = {isa = PBXBuildFile; fileRef = D6A846D527BEF601000BD7E4 /* PlaylistViewController.swift */; };
		D6A846D827BEF619000BD7E4 /* SearchResultsViewController.swift in Sources */ = {isa = PBXBuildFile; fileRef = D6A846D727BEF619000BD7E4 /* SearchResultsViewController.swift */; };
		D6A846DA27BEF634000BD7E4 /* AuthManager.swift in Sources */ = {isa = PBXBuildFile; fileRef = D6A846D927BEF634000BD7E4 /* AuthManager.swift */; };
		D6A846DC27BEF640000BD7E4 /* APICaller.swift in Sources */ = {isa = PBXBuildFile; fileRef = D6A846DB27BEF640000BD7E4 /* APICaller.swift */; };
		D6A846DE27BEF64C000BD7E4 /* HapticsManager.swift in Sources */ = {isa = PBXBuildFile; fileRef = D6A846DD27BEF64C000BD7E4 /* HapticsManager.swift */; };
		D6A846E027BEF6DA000BD7E4 /* Playlist.swift in Sources */ = {isa = PBXBuildFile; fileRef = D6A846DF27BEF6DA000BD7E4 /* Playlist.swift */; };
		D6A846E227BEF6E5000BD7E4 /* AudioTrack.swift in Sources */ = {isa = PBXBuildFile; fileRef = D6A846E127BEF6E5000BD7E4 /* AudioTrack.swift */; };
		D6A846E427BEF6F1000BD7E4 /* Artist.swift in Sources */ = {isa = PBXBuildFile; fileRef = D6A846E327BEF6F1000BD7E4 /* Artist.swift */; };
		D6A846E627BEF6FE000BD7E4 /* UserProfile.swift in Sources */ = {isa = PBXBuildFile; fileRef = D6A846E527BEF6FE000BD7E4 /* UserProfile.swift */; };
		D6A846E827BEFDE9000BD7E4 /* Extensions.swift in Sources */ = {isa = PBXBuildFile; fileRef = D6A846E727BEFDE9000BD7E4 /* Extensions.swift */; };
/* End PBXBuildFile section */

/* Begin PBXFileReference section */
		6F474ACF1EE6C81234B8185B /* Pods_SpotifyClone.framework */ = {isa = PBXFileReference; explicitFileType = wrapper.framework; includeInIndex = 0; path = Pods_SpotifyClone.framework; sourceTree = BUILT_PRODUCTS_DIR; };
		78C65C1484025E05EF3FBEBB /* Pods-SpotifyClone.debug.xcconfig */ = {isa = PBXFileReference; includeInIndex = 1; lastKnownFileType = text.xcconfig; name = "Pods-SpotifyClone.debug.xcconfig"; path = "Target Support Files/Pods-SpotifyClone/Pods-SpotifyClone.debug.xcconfig"; sourceTree = "<group>"; };
		D63B222B27CF9971009899E4 /* TitleHeaderCollectionReusableView.swift */ = {isa = PBXFileReference; lastKnownFileType = sourcecode.swift; path = TitleHeaderCollectionReusableView.swift; sourceTree = "<group>"; };
		D63B222D27CF9F8C009899E4 /* AlbumTrackCollectionViewCell.swift */ = {isa = PBXFileReference; lastKnownFileType = sourcecode.swift; path = AlbumTrackCollectionViewCell.swift; sourceTree = "<group>"; };
		D63B222F27CFA0BC009899E4 /* AlbumCollectionViewCellViewModel.swift */ = {isa = PBXFileReference; lastKnownFileType = sourcecode.swift; path = AlbumCollectionViewCellViewModel.swift; sourceTree = "<group>"; };
		D63B223127D278AE009899E4 /* GenreCollectionViewCell.swift */ = {isa = PBXFileReference; lastKnownFileType = sourcecode.swift; path = GenreCollectionViewCell.swift; sourceTree = "<group>"; };
		D679F8B527C56AB000F6B56A /* NewReleaseCollectionViewCell.swift */ = {isa = PBXFileReference; lastKnownFileType = sourcecode.swift; path = NewReleaseCollectionViewCell.swift; sourceTree = "<group>"; };
		D679F8B727C56ACD00F6B56A /* FeaturedPlaylistCollectionViewCell.swift */ = {isa = PBXFileReference; lastKnownFileType = sourcecode.swift; path = FeaturedPlaylistCollectionViewCell.swift; sourceTree = "<group>"; };
		D679F8B927C56AE600F6B56A /* RecommendedTrackCollectionViewCell.swift */ = {isa = PBXFileReference; lastKnownFileType = sourcecode.swift; path = RecommendedTrackCollectionViewCell.swift; sourceTree = "<group>"; };
		D67C8CF227C3D5820058D2E7 /* SettingsModels.swift */ = {isa = PBXFileReference; lastKnownFileType = sourcecode.swift; path = SettingsModels.swift; sourceTree = "<group>"; };
		D67C8CF427C41AD20058D2E7 /* NewReleasesResponse.swift */ = {isa = PBXFileReference; lastKnownFileType = sourcecode.swift; path = NewReleasesResponse.swift; sourceTree = "<group>"; };
		D67C8CF627C41BB00058D2E7 /* APIImage.swift */ = {isa = PBXFileReference; lastKnownFileType = sourcecode.swift; path = APIImage.swift; sourceTree = "<group>"; };
		D67C8CF827C423770058D2E7 /* FeaturedPlaylistResponse.swift */ = {isa = PBXFileReference; lastKnownFileType = sourcecode.swift; path = FeaturedPlaylistResponse.swift; sourceTree = "<group>"; };
		D67C8CFA27C427700058D2E7 /* RecommendedGenresResponse.swift */ = {isa = PBXFileReference; lastKnownFileType = sourcecode.swift; path = RecommendedGenresResponse.swift; sourceTree = "<group>"; };
		D67C8CFC27C42A350058D2E7 /* RecommendationsResponse.swift */ = {isa = PBXFileReference; lastKnownFileType = sourcecode.swift; path = RecommendationsResponse.swift; sourceTree = "<group>"; };
		D67DCC3227C2B5E40067A694 /* AuthResponse.swift */ = {isa = PBXFileReference; lastKnownFileType = sourcecode.swift; path = AuthResponse.swift; sourceTree = "<group>"; };
		D67F4F8C27D2B3BB00EBE03E /* AllCategoriesResponse.swift */ = {isa = PBXFileReference; lastKnownFileType = sourcecode.swift; path = AllCategoriesResponse.swift; sourceTree = "<group>"; };
		D67F4F8E27D2B91200EBE03E /* CategoryCollectionViewCellViewModel.swift */ = {isa = PBXFileReference; lastKnownFileType = sourcecode.swift; path = CategoryCollectionViewCellViewModel.swift; sourceTree = "<group>"; };
		D67F4F9027D2BA2D00EBE03E /* CategoryViewController.swift */ = {isa = PBXFileReference; lastKnownFileType = sourcecode.swift; path = CategoryViewController.swift; sourceTree = "<group>"; };
		D67F4F9227D2C82400EBE03E /* SearchResultResponse.swift */ = {isa = PBXFileReference; lastKnownFileType = sourcecode.swift; path = SearchResultResponse.swift; sourceTree = "<group>"; };
		D67F4F9427D2C9B800EBE03E /* SearchResult.swift */ = {isa = PBXFileReference; lastKnownFileType = sourcecode.swift; path = SearchResult.swift; sourceTree = "<group>"; };
		D67F4F9727D36FA900EBE03E /* SearchResultDefaultTableViewCell.swift */ = {isa = PBXFileReference; lastKnownFileType = sourcecode.swift; path = SearchResultDefaultTableViewCell.swift; sourceTree = "<group>"; };
		D67F4F9927D3713D00EBE03E /* SearchResultDefaultTableViewCellViewModel.swift */ = {isa = PBXFileReference; lastKnownFileType = sourcecode.swift; path = SearchResultDefaultTableViewCellViewModel.swift; sourceTree = "<group>"; };
		D67F4F9B27D3742800EBE03E /* SearchResultSubtitleTableViewCell.swift */ = {isa = PBXFileReference; lastKnownFileType = sourcecode.swift; path = SearchResultSubtitleTableViewCell.swift; sourceTree = "<group>"; };
		D67F4F9D27D374FB00EBE03E /* SearchResultSubtitleTableViewCellViewModel.swift */ = {isa = PBXFileReference; lastKnownFileType = sourcecode.swift; path = SearchResultSubtitleTableViewCellViewModel.swift; sourceTree = "<group>"; };
		D67F4FA027D38F2700EBE03E /* PlaybackPresenter.swift */ = {isa = PBXFileReference; lastKnownFileType = sourcecode.swift; path = PlaybackPresenter.swift; sourceTree = "<group>"; };
		D67F4FA227D394E400EBE03E /* PlayerControlsView.swift */ = {isa = PBXFileReference; lastKnownFileType = sourcecode.swift; path = PlayerControlsView.swift; sourceTree = "<group>"; };
		D67F4FA527D7E6E400EBE03E /* LibraryPlaylistsViewController.swift */ = {isa = PBXFileReference; lastKnownFileType = sourcecode.swift; path = LibraryPlaylistsViewController.swift; sourceTree = "<group>"; };
		D67F4FA727D7E6FA00EBE03E /* LibraryAlbumsViewController.swift */ = {isa = PBXFileReference; lastKnownFileType = sourcecode.swift; path = LibraryAlbumsViewController.swift; sourceTree = "<group>"; };
		D67F4FA927D7E9F100EBE03E /* LibraryToggleView.swift */ = {isa = PBXFileReference; lastKnownFileType = sourcecode.swift; path = LibraryToggleView.swift; sourceTree = "<group>"; };
		D67F4FAB27D8B11500EBE03E /* LibraryPlaylistsResponse.swift */ = {isa = PBXFileReference; lastKnownFileType = sourcecode.swift; path = LibraryPlaylistsResponse.swift; sourceTree = "<group>"; };
		D67F4FAD27D8CE4100EBE03E /* ActionLabelView.swift */ = {isa = PBXFileReference; lastKnownFileType = sourcecode.swift; path = ActionLabelView.swift; sourceTree = "<group>"; };
		D67F4FAF27D94C6100EBE03E /* LibraryAlbumsResponse.swift */ = {isa = PBXFileReference; lastKnownFileType = sourcecode.swift; path = LibraryAlbumsResponse.swift; sourceTree = "<group>"; };
		D68B71BF27CA661200E59A91 /* NewReleasesCellViewModel.swift */ = {isa = PBXFileReference; lastKnownFileType = sourcecode.swift; path = NewReleasesCellViewModel.swift; sourceTree = "<group>"; };
		D68B71C127CD2C4E00E59A91 /* FeaturedPlaylistCellViewModel.swift */ = {isa = PBXFileReference; lastKnownFileType = sourcecode.swift; path = FeaturedPlaylistCellViewModel.swift; sourceTree = "<group>"; };
		D68B71C327CD2C8B00E59A91 /* RecommendedTrackCellViewModel.swift */ = {isa = PBXFileReference; lastKnownFileType = sourcecode.swift; path = RecommendedTrackCellViewModel.swift; sourceTree = "<group>"; };
		D68B71C527CD34AE00E59A91 /* AlbumViewController.swift */ = {isa = PBXFileReference; lastKnownFileType = sourcecode.swift; path = AlbumViewController.swift; sourceTree = "<group>"; };
		D68B71C727CD37A900E59A91 /* AlbumDetailsResponse.swift */ = {isa = PBXFileReference; lastKnownFileType = sourcecode.swift; path = AlbumDetailsResponse.swift; sourceTree = "<group>"; };
		D68B71C927CD3B3800E59A91 /* PlaylistDetailsResponse.swift */ = {isa = PBXFileReference; lastKnownFileType = sourcecode.swift; path = PlaylistDetailsResponse.swift; sourceTree = "<group>"; };
		D68B71CB27CD43CA00E59A91 /* PlaylistHeaderCollectionReusableView.swift */ = {isa = PBXFileReference; lastKnownFileType = sourcecode.swift; path = PlaylistHeaderCollectionReusableView.swift; sourceTree = "<group>"; };
		D68B71CD27CD469100E59A91 /* PlaylistHeaderViewViewModel.swift */ = {isa = PBXFileReference; lastKnownFileType = sourcecode.swift; path = PlaylistHeaderViewViewModel.swift; sourceTree = "<group>"; };
		D6A846A627BEEFD2000BD7E4 /* SpotifyClone.app */ = {isa = PBXFileReference; explicitFileType = wrapper.application; includeInIndex = 0; path = SpotifyClone.app; sourceTree = BUILT_PRODUCTS_DIR; };
		D6A846A927BEEFD2000BD7E4 /* AppDelegate.swift */ = {isa = PBXFileReference; lastKnownFileType = sourcecode.swift; path = AppDelegate.swift; sourceTree = "<group>"; };
		D6A846AB27BEEFD2000BD7E4 /* SceneDelegate.swift */ = {isa = PBXFileReference; lastKnownFileType = sourcecode.swift; path = SceneDelegate.swift; sourceTree = "<group>"; };
		D6A846AD27BEEFD2000BD7E4 /* HomeViewController.swift */ = {isa = PBXFileReference; lastKnownFileType = sourcecode.swift; path = HomeViewController.swift; sourceTree = "<group>"; };
		D6A846B227BEEFD4000BD7E4 /* Assets.xcassets */ = {isa = PBXFileReference; lastKnownFileType = folder.assetcatalog; path = Assets.xcassets; sourceTree = "<group>"; };
		D6A846B527BEEFD4000BD7E4 /* Base */ = {isa = PBXFileReference; lastKnownFileType = file.storyboard; name = Base; path = Base.lproj/LaunchScreen.storyboard; sourceTree = "<group>"; };
		D6A846B727BEEFD4000BD7E4 /* Info.plist */ = {isa = PBXFileReference; lastKnownFileType = text.plist.xml; path = Info.plist; sourceTree = "<group>"; };
		D6A846C327BEF50F000BD7E4 /* TabBarViewController.swift */ = {isa = PBXFileReference; lastKnownFileType = sourcecode.swift; path = TabBarViewController.swift; sourceTree = "<group>"; };
		D6A846C527BEF58C000BD7E4 /* SearchViewController.swift */ = {isa = PBXFileReference; lastKnownFileType = sourcecode.swift; path = SearchViewController.swift; sourceTree = "<group>"; };
		D6A846C727BEF598000BD7E4 /* LibraryViewController.swift */ = {isa = PBXFileReference; lastKnownFileType = sourcecode.swift; path = LibraryViewController.swift; sourceTree = "<group>"; };
		D6A846CB27BEF5C1000BD7E4 /* AuthViewController.swift */ = {isa = PBXFileReference; lastKnownFileType = sourcecode.swift; path = AuthViewController.swift; sourceTree = "<group>"; };
		D6A846CD27BEF5D0000BD7E4 /* WelcomeViewController.swift */ = {isa = PBXFileReference; lastKnownFileType = sourcecode.swift; path = WelcomeViewController.swift; sourceTree = "<group>"; };
		D6A846CF27BEF5DF000BD7E4 /* SettingsViewController.swift */ = {isa = PBXFileReference; lastKnownFileType = sourcecode.swift; path = SettingsViewController.swift; sourceTree = "<group>"; };
		D6A846D127BEF5F0000BD7E4 /* ProfileViewController.swift */ = {isa = PBXFileReference; lastKnownFileType = sourcecode.swift; path = ProfileViewController.swift; sourceTree = "<group>"; };
		D6A846D327BEF5F7000BD7E4 /* PlayerViewController.swift */ = {isa = PBXFileReference; lastKnownFileType = sourcecode.swift; path = PlayerViewController.swift; sourceTree = "<group>"; };
		D6A846D527BEF601000BD7E4 /* PlaylistViewController.swift */ = {isa = PBXFileReference; lastKnownFileType = sourcecode.swift; path = PlaylistViewController.swift; sourceTree = "<group>"; };
		D6A846D727BEF619000BD7E4 /* SearchResultsViewController.swift */ = {isa = PBXFileReference; lastKnownFileType = sourcecode.swift; path = SearchResultsViewController.swift; sourceTree = "<group>"; };
		D6A846D927BEF634000BD7E4 /* AuthManager.swift */ = {isa = PBXFileReference; lastKnownFileType = sourcecode.swift; path = AuthManager.swift; sourceTree = "<group>"; };
		D6A846DB27BEF640000BD7E4 /* APICaller.swift */ = {isa = PBXFileReference; lastKnownFileType = sourcecode.swift; path = APICaller.swift; sourceTree = "<group>"; };
		D6A846DD27BEF64C000BD7E4 /* HapticsManager.swift */ = {isa = PBXFileReference; lastKnownFileType = sourcecode.swift; path = HapticsManager.swift; sourceTree = "<group>"; };
		D6A846DF27BEF6DA000BD7E4 /* Playlist.swift */ = {isa = PBXFileReference; lastKnownFileType = sourcecode.swift; path = Playlist.swift; sourceTree = "<group>"; };
		D6A846E127BEF6E5000BD7E4 /* AudioTrack.swift */ = {isa = PBXFileReference; lastKnownFileType = sourcecode.swift; path = AudioTrack.swift; sourceTree = "<group>"; };
		D6A846E327BEF6F1000BD7E4 /* Artist.swift */ = {isa = PBXFileReference; lastKnownFileType = sourcecode.swift; path = Artist.swift; sourceTree = "<group>"; };
		D6A846E527BEF6FE000BD7E4 /* UserProfile.swift */ = {isa = PBXFileReference; lastKnownFileType = sourcecode.swift; path = UserProfile.swift; sourceTree = "<group>"; };
		D6A846E727BEFDE9000BD7E4 /* Extensions.swift */ = {isa = PBXFileReference; lastKnownFileType = sourcecode.swift; path = Extensions.swift; sourceTree = "<group>"; };
		E2FFF339E1FF4ED33A972678 /* Pods-SpotifyClone.release.xcconfig */ = {isa = PBXFileReference; includeInIndex = 1; lastKnownFileType = text.xcconfig; name = "Pods-SpotifyClone.release.xcconfig"; path = "Target Support Files/Pods-SpotifyClone/Pods-SpotifyClone.release.xcconfig"; sourceTree = "<group>"; };
/* End PBXFileReference section */

/* Begin PBXFrameworksBuildPhase section */
		D6A846A327BEEFD2000BD7E4 /* Frameworks */ = {
			isa = PBXFrameworksBuildPhase;
			buildActionMask = 2147483647;
			files = (
				A9A7BA20BC3CFB8DF3553DC9 /* Pods_SpotifyClone.framework in Frameworks */,
			);
			runOnlyForDeploymentPostprocessing = 0;
		};
/* End PBXFrameworksBuildPhase section */

/* Begin PBXGroup section */
		23E068DFE58078EB77DE470F /* Frameworks */ = {
			isa = PBXGroup;
			children = (
				6F474ACF1EE6C81234B8185B /* Pods_SpotifyClone.framework */,
			);
			name = Frameworks;
			sourceTree = "<group>";
		};
		D679F8B427C56A8800F6B56A /* Browse */ = {
			isa = PBXGroup;
			children = (
				D679F8B527C56AB000F6B56A /* NewReleaseCollectionViewCell.swift */,
				D679F8B727C56ACD00F6B56A /* FeaturedPlaylistCollectionViewCell.swift */,
				D679F8B927C56AE600F6B56A /* RecommendedTrackCollectionViewCell.swift */,
			);
			path = Browse;
			sourceTree = "<group>";
		};
		D67F4F9627D36F8900EBE03E /* SearchResultsCells */ = {
			isa = PBXGroup;
			children = (
				D67F4F9727D36FA900EBE03E /* SearchResultDefaultTableViewCell.swift */,
				D67F4F9B27D3742800EBE03E /* SearchResultSubtitleTableViewCell.swift */,
			);
			path = SearchResultsCells;
			sourceTree = "<group>";
		};
		D67F4F9F27D38F1400EBE03E /* Presenter */ = {
			isa = PBXGroup;
			children = (
				D67F4FA027D38F2700EBE03E /* PlaybackPresenter.swift */,
			);
			path = Presenter;
			sourceTree = "<group>";
		};
		D67F4FA427D7E6C700EBE03E /* Library */ = {
			isa = PBXGroup;
			children = (
				D67F4FA527D7E6E400EBE03E /* LibraryPlaylistsViewController.swift */,
				D67F4FA727D7E6FA00EBE03E /* LibraryAlbumsViewController.swift */,
			);
			path = Library;
			sourceTree = "<group>";
		};
		D6A8469D27BEEFD2000BD7E4 = {
			isa = PBXGroup;
			children = (
				D6A846A827BEEFD2000BD7E4 /* SpotifyClone */,
				D6A846A727BEEFD2000BD7E4 /* Products */,
				D818D39256957F08CB51DCD0 /* Pods */,
				23E068DFE58078EB77DE470F /* Frameworks */,
			);
			sourceTree = "<group>";
		};
		D6A846A727BEEFD2000BD7E4 /* Products */ = {
			isa = PBXGroup;
			children = (
				D6A846A627BEEFD2000BD7E4 /* SpotifyClone.app */,
			);
			name = Products;
			sourceTree = "<group>";
		};
		D6A846A827BEEFD2000BD7E4 /* SpotifyClone */ = {
			isa = PBXGroup;
			children = (
				D67F4F9F27D38F1400EBE03E /* Presenter */,
				D6A846C227BEF06E000BD7E4 /* Resources */,
				D6A846C127BEF067000BD7E4 /* Managers */,
				D6A846C027BEF05F000BD7E4 /* ViewModels */,
				D6A846BF27BEF05A000BD7E4 /* Models */,
				D6A846BE27BEF049000BD7E4 /* Views */,
				D6A846BD27BEF028000BD7E4 /* Controllers */,
				D6A846B727BEEFD4000BD7E4 /* Info.plist */,
			);
			path = SpotifyClone;
			sourceTree = "<group>";
		};
		D6A846BD27BEF028000BD7E4 /* Controllers */ = {
			isa = PBXGroup;
			children = (
				D6A846CA27BEF5A6000BD7E4 /* Other */,
				D6A846C927BEF5A1000BD7E4 /* Core */,
			);
			path = Controllers;
			sourceTree = "<group>";
		};
		D6A846BE27BEF049000BD7E4 /* Views */ = {
			isa = PBXGroup;
			children = (
				D67F4F9627D36F8900EBE03E /* SearchResultsCells */,
				D679F8B427C56A8800F6B56A /* Browse */,
				D6A846B427BEEFD4000BD7E4 /* LaunchScreen.storyboard */,
				D68B71CB27CD43CA00E59A91 /* PlaylistHeaderCollectionReusableView.swift */,
				D63B222B27CF9971009899E4 /* TitleHeaderCollectionReusableView.swift */,
				D63B222D27CF9F8C009899E4 /* AlbumTrackCollectionViewCell.swift */,
				D63B223127D278AE009899E4 /* GenreCollectionViewCell.swift */,
				D67F4FA227D394E400EBE03E /* PlayerControlsView.swift */,
				D67F4FA927D7E9F100EBE03E /* LibraryToggleView.swift */,
				D67F4FAD27D8CE4100EBE03E /* ActionLabelView.swift */,
			);
			path = Views;
			sourceTree = "<group>";
		};
		D6A846BF27BEF05A000BD7E4 /* Models */ = {
			isa = PBXGroup;
			children = (
				D6A846DF27BEF6DA000BD7E4 /* Playlist.swift */,
				D6A846E127BEF6E5000BD7E4 /* AudioTrack.swift */,
				D6A846E327BEF6F1000BD7E4 /* Artist.swift */,
				D6A846E527BEF6FE000BD7E4 /* UserProfile.swift */,
				D67DCC3227C2B5E40067A694 /* AuthResponse.swift */,
				D67C8CF227C3D5820058D2E7 /* SettingsModels.swift */,
				D67C8CF427C41AD20058D2E7 /* NewReleasesResponse.swift */,
				D67C8CF627C41BB00058D2E7 /* APIImage.swift */,
				D67C8CF827C423770058D2E7 /* FeaturedPlaylistResponse.swift */,
				D67C8CFA27C427700058D2E7 /* RecommendedGenresResponse.swift */,
				D67C8CFC27C42A350058D2E7 /* RecommendationsResponse.swift */,
				D68B71C727CD37A900E59A91 /* AlbumDetailsResponse.swift */,
				D68B71C927CD3B3800E59A91 /* PlaylistDetailsResponse.swift */,
				D67F4F8C27D2B3BB00EBE03E /* AllCategoriesResponse.swift */,
				D67F4F9227D2C82400EBE03E /* SearchResultResponse.swift */,
				D67F4F9427D2C9B800EBE03E /* SearchResult.swift */,
				D67F4FAB27D8B11500EBE03E /* LibraryPlaylistsResponse.swift */,
				D67F4FAF27D94C6100EBE03E /* LibraryAlbumsResponse.swift */,
			);
			path = Models;
			sourceTree = "<group>";
		};
		D6A846C027BEF05F000BD7E4 /* ViewModels */ = {
			isa = PBXGroup;
			children = (
				D68B71BF27CA661200E59A91 /* NewReleasesCellViewModel.swift */,
				D68B71C127CD2C4E00E59A91 /* FeaturedPlaylistCellViewModel.swift */,
				D68B71C327CD2C8B00E59A91 /* RecommendedTrackCellViewModel.swift */,
				D68B71CD27CD469100E59A91 /* PlaylistHeaderViewViewModel.swift */,
				D63B222F27CFA0BC009899E4 /* AlbumCollectionViewCellViewModel.swift */,
				D67F4F8E27D2B91200EBE03E /* CategoryCollectionViewCellViewModel.swift */,
				D67F4F9927D3713D00EBE03E /* SearchResultDefaultTableViewCellViewModel.swift */,
				D67F4F9D27D374FB00EBE03E /* SearchResultSubtitleTableViewCellViewModel.swift */,
			);
			path = ViewModels;
			sourceTree = "<group>";
		};
		D6A846C127BEF067000BD7E4 /* Managers */ = {
			isa = PBXGroup;
			children = (
				D6A846D927BEF634000BD7E4 /* AuthManager.swift */,
				D6A846DB27BEF640000BD7E4 /* APICaller.swift */,
				D6A846DD27BEF64C000BD7E4 /* HapticsManager.swift */,
			);
			path = Managers;
			sourceTree = "<group>";
		};
		D6A846C227BEF06E000BD7E4 /* Resources */ = {
			isa = PBXGroup;
			children = (
				D6A846B227BEEFD4000BD7E4 /* Assets.xcassets */,
				D6A846A927BEEFD2000BD7E4 /* AppDelegate.swift */,
				D6A846AB27BEEFD2000BD7E4 /* SceneDelegate.swift */,
				D6A846E727BEFDE9000BD7E4 /* Extensions.swift */,
			);
			path = Resources;
			sourceTree = "<group>";
		};
		D6A846C927BEF5A1000BD7E4 /* Core */ = {
			isa = PBXGroup;
			children = (
				D6A846AD27BEEFD2000BD7E4 /* HomeViewController.swift */,
				D6A846C527BEF58C000BD7E4 /* SearchViewController.swift */,
				D6A846C727BEF598000BD7E4 /* LibraryViewController.swift */,
				D6A846C327BEF50F000BD7E4 /* TabBarViewController.swift */,
			);
			path = Core;
			sourceTree = "<group>";
		};
		D6A846CA27BEF5A6000BD7E4 /* Other */ = {
			isa = PBXGroup;
			children = (
				D67F4FA427D7E6C700EBE03E /* Library */,
				D6A846CB27BEF5C1000BD7E4 /* AuthViewController.swift */,
				D6A846CD27BEF5D0000BD7E4 /* WelcomeViewController.swift */,
				D6A846CF27BEF5DF000BD7E4 /* SettingsViewController.swift */,
				D6A846D127BEF5F0000BD7E4 /* ProfileViewController.swift */,
				D6A846D327BEF5F7000BD7E4 /* PlayerViewController.swift */,
				D6A846D527BEF601000BD7E4 /* PlaylistViewController.swift */,
				D6A846D727BEF619000BD7E4 /* SearchResultsViewController.swift */,
				D68B71C527CD34AE00E59A91 /* AlbumViewController.swift */,
				D67F4F9027D2BA2D00EBE03E /* CategoryViewController.swift */,
			);
			path = Other;
			sourceTree = "<group>";
		};
		D818D39256957F08CB51DCD0 /* Pods */ = {
			isa = PBXGroup;
			children = (
				78C65C1484025E05EF3FBEBB /* Pods-SpotifyClone.debug.xcconfig */,
				E2FFF339E1FF4ED33A972678 /* Pods-SpotifyClone.release.xcconfig */,
			);
			path = Pods;
			sourceTree = "<group>";
		};
/* End PBXGroup section */

/* Begin PBXNativeTarget section */
		D6A846A527BEEFD2000BD7E4 /* SpotifyClone */ = {
			isa = PBXNativeTarget;
			buildConfigurationList = D6A846BA27BEEFD4000BD7E4 /* Build configuration list for PBXNativeTarget "SpotifyClone" */;
			buildPhases = (
				45E5456708997BE89DFBAB85 /* [CP] Check Pods Manifest.lock */,
				D6A846A227BEEFD2000BD7E4 /* Sources */,
				D6A846A327BEEFD2000BD7E4 /* Frameworks */,
				D6A846A427BEEFD2000BD7E4 /* Resources */,
				41C605537D5EC628B153F19F /* [CP] Embed Pods Frameworks */,
			);
			buildRules = (
			);
			dependencies = (
			);
			name = SpotifyClone;
			productName = SpotifyClone;
			productReference = D6A846A627BEEFD2000BD7E4 /* SpotifyClone.app */;
			productType = "com.apple.product-type.application";
		};
/* End PBXNativeTarget section */

/* Begin PBXProject section */
		D6A8469E27BEEFD2000BD7E4 /* Project object */ = {
			isa = PBXProject;
			attributes = {
				BuildIndependentTargetsInParallel = 1;
				LastSwiftUpdateCheck = 1320;
				LastUpgradeCheck = 1320;
				TargetAttributes = {
					D6A846A527BEEFD2000BD7E4 = {
						CreatedOnToolsVersion = 13.2.1;
					};
				};
			};
			buildConfigurationList = D6A846A127BEEFD2000BD7E4 /* Build configuration list for PBXProject "SpotifyClone" */;
			compatibilityVersion = "Xcode 13.0";
			developmentRegion = en;
			hasScannedForEncodings = 0;
			knownRegions = (
				en,
				Base,
			);
			mainGroup = D6A8469D27BEEFD2000BD7E4;
			productRefGroup = D6A846A727BEEFD2000BD7E4 /* Products */;
			projectDirPath = "";
			projectRoot = "";
			targets = (
				D6A846A527BEEFD2000BD7E4 /* SpotifyClone */,
			);
		};
/* End PBXProject section */

/* Begin PBXResourcesBuildPhase section */
		D6A846A427BEEFD2000BD7E4 /* Resources */ = {
			isa = PBXResourcesBuildPhase;
			buildActionMask = 2147483647;
			files = (
				D6A846B627BEEFD4000BD7E4 /* LaunchScreen.storyboard in Resources */,
				D6A846B327BEEFD4000BD7E4 /* Assets.xcassets in Resources */,
			);
			runOnlyForDeploymentPostprocessing = 0;
		};
/* End PBXResourcesBuildPhase section */

/* Begin PBXShellScriptBuildPhase section */
		41C605537D5EC628B153F19F /* [CP] Embed Pods Frameworks */ = {
			isa = PBXShellScriptBuildPhase;
			buildActionMask = 2147483647;
			files = (
			);
			inputFileListPaths = (
				"${PODS_ROOT}/Target Support Files/Pods-SpotifyClone/Pods-SpotifyClone-frameworks-${CONFIGURATION}-input-files.xcfilelist",
			);
			name = "[CP] Embed Pods Frameworks";
			outputFileListPaths = (
				"${PODS_ROOT}/Target Support Files/Pods-SpotifyClone/Pods-SpotifyClone-frameworks-${CONFIGURATION}-output-files.xcfilelist",
			);
			runOnlyForDeploymentPostprocessing = 0;
			shellPath = /bin/sh;
			shellScript = "\"${PODS_ROOT}/Target Support Files/Pods-SpotifyClone/Pods-SpotifyClone-frameworks.sh\"\n";
			showEnvVarsInLog = 0;
		};
		45E5456708997BE89DFBAB85 /* [CP] Check Pods Manifest.lock */ = {
			isa = PBXShellScriptBuildPhase;
			buildActionMask = 2147483647;
			files = (
			);
			inputFileListPaths = (
			);
			inputPaths = (
				"${PODS_PODFILE_DIR_PATH}/Podfile.lock",
				"${PODS_ROOT}/Manifest.lock",
			);
			name = "[CP] Check Pods Manifest.lock";
			outputFileListPaths = (
			);
			outputPaths = (
				"$(DERIVED_FILE_DIR)/Pods-SpotifyClone-checkManifestLockResult.txt",
			);
			runOnlyForDeploymentPostprocessing = 0;
			shellPath = /bin/sh;
			shellScript = "diff \"${PODS_PODFILE_DIR_PATH}/Podfile.lock\" \"${PODS_ROOT}/Manifest.lock\" > /dev/null\nif [ $? != 0 ] ; then\n    # print error to STDERR\n    echo \"error: The sandbox is not in sync with the Podfile.lock. Run 'pod install' or update your CocoaPods installation.\" >&2\n    exit 1\nfi\n# This output is used by Xcode 'outputs' to avoid re-running this script phase.\necho \"SUCCESS\" > \"${SCRIPT_OUTPUT_FILE_0}\"\n";
			showEnvVarsInLog = 0;
		};
/* End PBXShellScriptBuildPhase section */

/* Begin PBXSourcesBuildPhase section */
		D6A846A227BEEFD2000BD7E4 /* Sources */ = {
			isa = PBXSourcesBuildPhase;
			buildActionMask = 2147483647;
			files = (
				D6A846C627BEF58C000BD7E4 /* SearchViewController.swift in Sources */,
				D68B71CA27CD3B3800E59A91 /* PlaylistDetailsResponse.swift in Sources */,
				D6A846E027BEF6DA000BD7E4 /* Playlist.swift in Sources */,
				D67F4F9327D2C82400EBE03E /* SearchResultResponse.swift in Sources */,
				D67F4FAA27D7E9F100EBE03E /* LibraryToggleView.swift in Sources */,
				D6A846DA27BEF634000BD7E4 /* AuthManager.swift in Sources */,
				D68B71C027CA661200E59A91 /* NewReleasesCellViewModel.swift in Sources */,
				D63B223027CFA0BC009899E4 /* AlbumCollectionViewCellViewModel.swift in Sources */,
				D67F4FAE27D8CE4100EBE03E /* ActionLabelView.swift in Sources */,
				D68B71C427CD2C8B00E59A91 /* RecommendedTrackCellViewModel.swift in Sources */,
				D67F4FB027D94C6100EBE03E /* LibraryAlbumsResponse.swift in Sources */,
				D6A846D827BEF619000BD7E4 /* SearchResultsViewController.swift in Sources */,
				D67F4F9127D2BA2D00EBE03E /* CategoryViewController.swift in Sources */,
				D67F4F8D27D2B3BB00EBE03E /* AllCategoriesResponse.swift in Sources */,
				D63B222C27CF9971009899E4 /* TitleHeaderCollectionReusableView.swift in Sources */,
				D68B71C627CD34AE00E59A91 /* AlbumViewController.swift in Sources */,
				D68B71CE27CD469100E59A91 /* PlaylistHeaderViewViewModel.swift in Sources */,
				D68B71C227CD2C4E00E59A91 /* FeaturedPlaylistCellViewModel.swift in Sources */,
				D67F4F9E27D374FB00EBE03E /* SearchResultSubtitleTableViewCellViewModel.swift in Sources */,
				D67C8CF927C423770058D2E7 /* FeaturedPlaylistResponse.swift in Sources */,
				D67C8CF727C41BB00058D2E7 /* APIImage.swift in Sources */,
				D6A846CE27BEF5D0000BD7E4 /* WelcomeViewController.swift in Sources */,
				D67F4F9827D36FA900EBE03E /* SearchResultDefaultTableViewCell.swift in Sources */,
				D6A846D227BEF5F0000BD7E4 /* ProfileViewController.swift in Sources */,
				D679F8BA27C56AE600F6B56A /* RecommendedTrackCollectionViewCell.swift in Sources */,
				D6A846C427BEF50F000BD7E4 /* TabBarViewController.swift in Sources */,
				D67F4FA327D394E400EBE03E /* PlayerControlsView.swift in Sources */,
				D63B223227D278AE009899E4 /* GenreCollectionViewCell.swift in Sources */,
				D6A846DE27BEF64C000BD7E4 /* HapticsManager.swift in Sources */,
				D67F4F9C27D3742800EBE03E /* SearchResultSubtitleTableViewCell.swift in Sources */,
				D67DCC3327C2B5E40067A694 /* AuthResponse.swift in Sources */,
				D67F4FA827D7E6FA00EBE03E /* LibraryAlbumsViewController.swift in Sources */,
				D67F4FAC27D8B11500EBE03E /* LibraryPlaylistsResponse.swift in Sources */,
				D63B222E27CF9F8C009899E4 /* AlbumTrackCollectionViewCell.swift in Sources */,
				D67C8CFD27C42A350058D2E7 /* RecommendationsResponse.swift in Sources */,
				D67C8CF527C41AD20058D2E7 /* NewReleasesResponse.swift in Sources */,
				D6A846E227BEF6E5000BD7E4 /* AudioTrack.swift in Sources */,
				D67F4F9A27D3713D00EBE03E /* SearchResultDefaultTableViewCellViewModel.swift in Sources */,
				D679F8B627C56AB000F6B56A /* NewReleaseCollectionViewCell.swift in Sources */,
				D6A846AE27BEEFD2000BD7E4 /* HomeViewController.swift in Sources */,
				D679F8B827C56ACD00F6B56A /* FeaturedPlaylistCollectionViewCell.swift in Sources */,
				D6A846CC27BEF5C1000BD7E4 /* AuthViewController.swift in Sources */,
				D6A846AA27BEEFD2000BD7E4 /* AppDelegate.swift in Sources */,
				D6A846E627BEF6FE000BD7E4 /* UserProfile.swift in Sources */,
				D67F4F9527D2C9B800EBE03E /* SearchResult.swift in Sources */,
				D68B71CC27CD43CA00E59A91 /* PlaylistHeaderCollectionReusableView.swift in Sources */,
				D67F4FA127D38F2700EBE03E /* PlaybackPresenter.swift in Sources */,
				D6A846E827BEFDE9000BD7E4 /* Extensions.swift in Sources */,
				D6A846C827BEF598000BD7E4 /* LibraryViewController.swift in Sources */,
				D6A846E427BEF6F1000BD7E4 /* Artist.swift in Sources */,
				D67C8CF327C3D5820058D2E7 /* SettingsModels.swift in Sources */,
				D6A846D627BEF601000BD7E4 /* PlaylistViewController.swift in Sources */,
				D67F4FA627D7E6E400EBE03E /* LibraryPlaylistsViewController.swift in Sources */,
				D6A846AC27BEEFD2000BD7E4 /* SceneDelegate.swift in Sources */,
				D68B71C827CD37A900E59A91 /* AlbumDetailsResponse.swift in Sources */,
				D6A846D427BEF5F7000BD7E4 /* PlayerViewController.swift in Sources */,
				D6A846DC27BEF640000BD7E4 /* APICaller.swift in Sources */,
				D6A846D027BEF5DF000BD7E4 /* SettingsViewController.swift in Sources */,
				D67F4F8F27D2B91200EBE03E /* CategoryCollectionViewCellViewModel.swift in Sources */,
				D67C8CFB27C427700058D2E7 /* RecommendedGenresResponse.swift in Sources */,
			);
			runOnlyForDeploymentPostprocessing = 0;
		};
/* End PBXSourcesBuildPhase section */

/* Begin PBXVariantGroup section */
		D6A846B427BEEFD4000BD7E4 /* LaunchScreen.storyboard */ = {
			isa = PBXVariantGroup;
			children = (
				D6A846B527BEEFD4000BD7E4 /* Base */,
			);
			name = LaunchScreen.storyboard;
			sourceTree = "<group>";
		};
/* End PBXVariantGroup section */

/* Begin XCBuildConfiguration section */
		D6A846B827BEEFD4000BD7E4 /* Debug */ = {
			isa = XCBuildConfiguration;
			buildSettings = {
				ALWAYS_SEARCH_USER_PATHS = NO;
				CLANG_ANALYZER_NONNULL = YES;
				CLANG_ANALYZER_NUMBER_OBJECT_CONVERSION = YES_AGGRESSIVE;
				CLANG_CXX_LANGUAGE_STANDARD = "gnu++17";
				CLANG_CXX_LIBRARY = "libc++";
				CLANG_ENABLE_MODULES = YES;
				CLANG_ENABLE_OBJC_ARC = YES;
				CLANG_ENABLE_OBJC_WEAK = YES;
				CLANG_WARN_BLOCK_CAPTURE_AUTORELEASING = YES;
				CLANG_WARN_BOOL_CONVERSION = YES;
				CLANG_WARN_COMMA = YES;
				CLANG_WARN_CONSTANT_CONVERSION = YES;
				CLANG_WARN_DEPRECATED_OBJC_IMPLEMENTATIONS = YES;
				CLANG_WARN_DIRECT_OBJC_ISA_USAGE = YES_ERROR;
				CLANG_WARN_DOCUMENTATION_COMMENTS = YES;
				CLANG_WARN_EMPTY_BODY = YES;
				CLANG_WARN_ENUM_CONVERSION = YES;
				CLANG_WARN_INFINITE_RECURSION = YES;
				CLANG_WARN_INT_CONVERSION = YES;
				CLANG_WARN_NON_LITERAL_NULL_CONVERSION = YES;
				CLANG_WARN_OBJC_IMPLICIT_RETAIN_SELF = YES;
				CLANG_WARN_OBJC_LITERAL_CONVERSION = YES;
				CLANG_WARN_OBJC_ROOT_CLASS = YES_ERROR;
				CLANG_WARN_QUOTED_INCLUDE_IN_FRAMEWORK_HEADER = YES;
				CLANG_WARN_RANGE_LOOP_ANALYSIS = YES;
				CLANG_WARN_STRICT_PROTOTYPES = YES;
				CLANG_WARN_SUSPICIOUS_MOVE = YES;
				CLANG_WARN_UNGUARDED_AVAILABILITY = YES_AGGRESSIVE;
				CLANG_WARN_UNREACHABLE_CODE = YES;
				CLANG_WARN__DUPLICATE_METHOD_MATCH = YES;
				COPY_PHASE_STRIP = NO;
				DEBUG_INFORMATION_FORMAT = dwarf;
				ENABLE_STRICT_OBJC_MSGSEND = YES;
				ENABLE_TESTABILITY = YES;
				GCC_C_LANGUAGE_STANDARD = gnu11;
				GCC_DYNAMIC_NO_PIC = NO;
				GCC_NO_COMMON_BLOCKS = YES;
				GCC_OPTIMIZATION_LEVEL = 0;
				GCC_PREPROCESSOR_DEFINITIONS = (
					"DEBUG=1",
					"$(inherited)",
				);
				GCC_WARN_64_TO_32_BIT_CONVERSION = YES;
				GCC_WARN_ABOUT_RETURN_TYPE = YES_ERROR;
				GCC_WARN_UNDECLARED_SELECTOR = YES;
				GCC_WARN_UNINITIALIZED_AUTOS = YES_AGGRESSIVE;
				GCC_WARN_UNUSED_FUNCTION = YES;
				GCC_WARN_UNUSED_VARIABLE = YES;
				IPHONEOS_DEPLOYMENT_TARGET = 15.2;
				MTL_ENABLE_DEBUG_INFO = INCLUDE_SOURCE;
				MTL_FAST_MATH = YES;
				ONLY_ACTIVE_ARCH = YES;
				SDKROOT = iphoneos;
				SWIFT_ACTIVE_COMPILATION_CONDITIONS = DEBUG;
				SWIFT_OPTIMIZATION_LEVEL = "-Onone";
			};
			name = Debug;
		};
		D6A846B927BEEFD4000BD7E4 /* Release */ = {
			isa = XCBuildConfiguration;
			buildSettings = {
				ALWAYS_SEARCH_USER_PATHS = NO;
				CLANG_ANALYZER_NONNULL = YES;
				CLANG_ANALYZER_NUMBER_OBJECT_CONVERSION = YES_AGGRESSIVE;
				CLANG_CXX_LANGUAGE_STANDARD = "gnu++17";
				CLANG_CXX_LIBRARY = "libc++";
				CLANG_ENABLE_MODULES = YES;
				CLANG_ENABLE_OBJC_ARC = YES;
				CLANG_ENABLE_OBJC_WEAK = YES;
				CLANG_WARN_BLOCK_CAPTURE_AUTORELEASING = YES;
				CLANG_WARN_BOOL_CONVERSION = YES;
				CLANG_WARN_COMMA = YES;
				CLANG_WARN_CONSTANT_CONVERSION = YES;
				CLANG_WARN_DEPRECATED_OBJC_IMPLEMENTATIONS = YES;
				CLANG_WARN_DIRECT_OBJC_ISA_USAGE = YES_ERROR;
				CLANG_WARN_DOCUMENTATION_COMMENTS = YES;
				CLANG_WARN_EMPTY_BODY = YES;
				CLANG_WARN_ENUM_CONVERSION = YES;
				CLANG_WARN_INFINITE_RECURSION = YES;
				CLANG_WARN_INT_CONVERSION = YES;
				CLANG_WARN_NON_LITERAL_NULL_CONVERSION = YES;
				CLANG_WARN_OBJC_IMPLICIT_RETAIN_SELF = YES;
				CLANG_WARN_OBJC_LITERAL_CONVERSION = YES;
				CLANG_WARN_OBJC_ROOT_CLASS = YES_ERROR;
				CLANG_WARN_QUOTED_INCLUDE_IN_FRAMEWORK_HEADER = YES;
				CLANG_WARN_RANGE_LOOP_ANALYSIS = YES;
				CLANG_WARN_STRICT_PROTOTYPES = YES;
				CLANG_WARN_SUSPICIOUS_MOVE = YES;
				CLANG_WARN_UNGUARDED_AVAILABILITY = YES_AGGRESSIVE;
				CLANG_WARN_UNREACHABLE_CODE = YES;
				CLANG_WARN__DUPLICATE_METHOD_MATCH = YES;
				COPY_PHASE_STRIP = NO;
				DEBUG_INFORMATION_FORMAT = "dwarf-with-dsym";
				ENABLE_NS_ASSERTIONS = NO;
				ENABLE_STRICT_OBJC_MSGSEND = YES;
				GCC_C_LANGUAGE_STANDARD = gnu11;
				GCC_NO_COMMON_BLOCKS = YES;
				GCC_WARN_64_TO_32_BIT_CONVERSION = YES;
				GCC_WARN_ABOUT_RETURN_TYPE = YES_ERROR;
				GCC_WARN_UNDECLARED_SELECTOR = YES;
				GCC_WARN_UNINITIALIZED_AUTOS = YES_AGGRESSIVE;
				GCC_WARN_UNUSED_FUNCTION = YES;
				GCC_WARN_UNUSED_VARIABLE = YES;
				IPHONEOS_DEPLOYMENT_TARGET = 15.2;
				MTL_ENABLE_DEBUG_INFO = NO;
				MTL_FAST_MATH = YES;
				SDKROOT = iphoneos;
				SWIFT_COMPILATION_MODE = wholemodule;
				SWIFT_OPTIMIZATION_LEVEL = "-O";
				VALIDATE_PRODUCT = YES;
			};
			name = Release;
		};
		D6A846BB27BEEFD4000BD7E4 /* Debug */ = {
			isa = XCBuildConfiguration;
			baseConfigurationReference = 78C65C1484025E05EF3FBEBB /* Pods-SpotifyClone.debug.xcconfig */;
			buildSettings = {
				ASSETCATALOG_COMPILER_APPICON_NAME = AppIcon;
				ASSETCATALOG_COMPILER_GLOBAL_ACCENT_COLOR_NAME = AccentColor;
				CODE_SIGN_STYLE = Automatic;
				CURRENT_PROJECT_VERSION = 1;
				GENERATE_INFOPLIST_FILE = YES;
				INFOPLIST_FILE = SpotifyClone/Info.plist;
				INFOPLIST_KEY_UIApplicationSupportsIndirectInputEvents = YES;
				INFOPLIST_KEY_UILaunchStoryboardName = LaunchScreen;
				INFOPLIST_KEY_UIMainStoryboardFile = LaunchScreen;
				INFOPLIST_KEY_UISupportedInterfaceOrientations_iPad = "UIInterfaceOrientationPortrait UIInterfaceOrientationPortraitUpsideDown UIInterfaceOrientationLandscapeLeft UIInterfaceOrientationLandscapeRight";
				INFOPLIST_KEY_UISupportedInterfaceOrientations_iPhone = "UIInterfaceOrientationPortrait UIInterfaceOrientationLandscapeLeft UIInterfaceOrientationLandscapeRight";
				LD_RUNPATH_SEARCH_PATHS = (
					"$(inherited)",
					"@executable_path/Frameworks",
				);
				MARKETING_VERSION = 1.0;
				PRODUCT_BUNDLE_IDENTIFIER = "Tyl-Piotr.SpotifyClone";
				PRODUCT_NAME = "$(TARGET_NAME)";
				SWIFT_EMIT_LOC_STRINGS = YES;
				SWIFT_VERSION = 5.0;
				TARGETED_DEVICE_FAMILY = "1,2";
			};
			name = Debug;
		};
		D6A846BC27BEEFD4000BD7E4 /* Release */ = {
			isa = XCBuildConfiguration;
			baseConfigurationReference = E2FFF339E1FF4ED33A972678 /* Pods-SpotifyClone.release.xcconfig */;
			buildSettings = {
				ASSETCATALOG_COMPILER_APPICON_NAME = AppIcon;
				ASSETCATALOG_COMPILER_GLOBAL_ACCENT_COLOR_NAME = AccentColor;
				CODE_SIGN_STYLE = Automatic;
				CURRENT_PROJECT_VERSION = 1;
				GENERATE_INFOPLIST_FILE = YES;
				INFOPLIST_FILE = SpotifyClone/Info.plist;
				INFOPLIST_KEY_UIApplicationSupportsIndirectInputEvents = YES;
				INFOPLIST_KEY_UILaunchStoryboardName = LaunchScreen;
				INFOPLIST_KEY_UIMainStoryboardFile = LaunchScreen;
				INFOPLIST_KEY_UISupportedInterfaceOrientations_iPad = "UIInterfaceOrientationPortrait UIInterfaceOrientationPortraitUpsideDown UIInterfaceOrientationLandscapeLeft UIInterfaceOrientationLandscapeRight";
				INFOPLIST_KEY_UISupportedInterfaceOrientations_iPhone = "UIInterfaceOrientationPortrait UIInterfaceOrientationLandscapeLeft UIInterfaceOrientationLandscapeRight";
				LD_RUNPATH_SEARCH_PATHS = (
					"$(inherited)",
					"@executable_path/Frameworks",
				);
				MARKETING_VERSION = 1.0;
				PRODUCT_BUNDLE_IDENTIFIER = "Tyl-Piotr.SpotifyClone";
				PRODUCT_NAME = "$(TARGET_NAME)";
				SWIFT_EMIT_LOC_STRINGS = YES;
				SWIFT_VERSION = 5.0;
				TARGETED_DEVICE_FAMILY = "1,2";
			};
			name = Release;
		};
/* End XCBuildConfiguration section */

/* Begin XCConfigurationList section */
		D6A846A127BEEFD2000BD7E4 /* Build configuration list for PBXProject "SpotifyClone" */ = {
			isa = XCConfigurationList;
			buildConfigurations = (
				D6A846B827BEEFD4000BD7E4 /* Debug */,
				D6A846B927BEEFD4000BD7E4 /* Release */,
			);
			defaultConfigurationIsVisible = 0;
			defaultConfigurationName = Release;
		};
		D6A846BA27BEEFD4000BD7E4 /* Build configuration list for PBXNativeTarget "SpotifyClone" */ = {
			isa = XCConfigurationList;
			buildConfigurations = (
				D6A846BB27BEEFD4000BD7E4 /* Debug */,
				D6A846BC27BEEFD4000BD7E4 /* Release */,
			);
			defaultConfigurationIsVisible = 0;
			defaultConfigurationName = Release;
		};
/* End XCConfigurationList section */
	};
	rootObject = D6A8469E27BEEFD2000BD7E4 /* Project object */;
}
